// !$*UTF8*$!
{
	archiveVersion = 1;
	classes = {
	};
	objectVersion = 50;
	objects = {

/* Begin PBXBuildFile section */
		36200EE4272D4A2300304AC0 /* AppDelegate.swift in Sources */ = {isa = PBXBuildFile; fileRef = 36200EE3272D4A2300304AC0 /* AppDelegate.swift */; };
		36200EE6272D4A2300304AC0 /* SceneDelegate.swift in Sources */ = {isa = PBXBuildFile; fileRef = 36200EE5272D4A2300304AC0 /* SceneDelegate.swift */; };
		36200EE8272D4A2300304AC0 /* ViewController.swift in Sources */ = {isa = PBXBuildFile; fileRef = 36200EE7272D4A2300304AC0 /* ViewController.swift */; };
		36200EEB272D4A2300304AC0 /* Main.storyboard in Resources */ = {isa = PBXBuildFile; fileRef = 36200EE9272D4A2300304AC0 /* Main.storyboard */; };
		36200EED272D4A2600304AC0 /* Assets.xcassets in Resources */ = {isa = PBXBuildFile; fileRef = 36200EEC272D4A2600304AC0 /* Assets.xcassets */; };
		36200EF0272D4A2600304AC0 /* LaunchScreen.storyboard in Resources */ = {isa = PBXBuildFile; fileRef = 36200EEE272D4A2600304AC0 /* LaunchScreen.storyboard */; };
		36200EFB272D4A2600304AC0 /* TravelLiteTests.swift in Sources */ = {isa = PBXBuildFile; fileRef = 36200EFA272D4A2600304AC0 /* TravelLiteTests.swift */; };
		36200F06272D4A2600304AC0 /* TravelLiteUITests.swift in Sources */ = {isa = PBXBuildFile; fileRef = 36200F05272D4A2600304AC0 /* TravelLiteUITests.swift */; };
/* End PBXBuildFile section */

/* Begin PBXContainerItemProxy section */
		36200EF7272D4A2600304AC0 /* PBXContainerItemProxy */ = {
			isa = PBXContainerItemProxy;
			containerPortal = 36200ED8272D4A2300304AC0 /* Project object */;
			proxyType = 1;
			remoteGlobalIDString = 36200EDF272D4A2300304AC0;
			remoteInfo = TravelLite;
		};
		36200F02272D4A2600304AC0 /* PBXContainerItemProxy */ = {
			isa = PBXContainerItemProxy;
			containerPortal = 36200ED8272D4A2300304AC0 /* Project object */;
			proxyType = 1;
			remoteGlobalIDString = 36200EDF272D4A2300304AC0;
			remoteInfo = TravelLite;
		};
/* End PBXContainerItemProxy section */

/* Begin PBXFileReference section */
		36200EE0272D4A2300304AC0 /* TravelLite.app */ = {isa = PBXFileReference; explicitFileType = wrapper.application; includeInIndex = 0; path = TravelLite.app; sourceTree = BUILT_PRODUCTS_DIR; };
		36200EE3272D4A2300304AC0 /* AppDelegate.swift */ = {isa = PBXFileReference; lastKnownFileType = sourcecode.swift; path = AppDelegate.swift; sourceTree = "<group>"; };
		36200EE5272D4A2300304AC0 /* SceneDelegate.swift */ = {isa = PBXFileReference; lastKnownFileType = sourcecode.swift; path = SceneDelegate.swift; sourceTree = "<group>"; };
		36200EE7272D4A2300304AC0 /* ViewController.swift */ = {isa = PBXFileReference; lastKnownFileType = sourcecode.swift; path = ViewController.swift; sourceTree = "<group>"; };
		36200EEA272D4A2300304AC0 /* Base */ = {isa = PBXFileReference; lastKnownFileType = file.storyboard; name = Base; path = Base.lproj/Main.storyboard; sourceTree = "<group>"; };
		36200EEC272D4A2600304AC0 /* Assets.xcassets */ = {isa = PBXFileReference; lastKnownFileType = folder.assetcatalog; path = Assets.xcassets; sourceTree = "<group>"; };
		36200EEF272D4A2600304AC0 /* Base */ = {isa = PBXFileReference; lastKnownFileType = file.storyboard; name = Base; path = Base.lproj/LaunchScreen.storyboard; sourceTree = "<group>"; };
		36200EF1272D4A2600304AC0 /* Info.plist */ = {isa = PBXFileReference; lastKnownFileType = text.plist.xml; path = Info.plist; sourceTree = "<group>"; };
		36200EF6272D4A2600304AC0 /* TravelLiteTests.xctest */ = {isa = PBXFileReference; explicitFileType = wrapper.cfbundle; includeInIndex = 0; path = TravelLiteTests.xctest; sourceTree = BUILT_PRODUCTS_DIR; };
		36200EFA272D4A2600304AC0 /* TravelLiteTests.swift */ = {isa = PBXFileReference; lastKnownFileType = sourcecode.swift; path = TravelLiteTests.swift; sourceTree = "<group>"; };
		36200EFC272D4A2600304AC0 /* Info.plist */ = {isa = PBXFileReference; lastKnownFileType = text.plist.xml; path = Info.plist; sourceTree = "<group>"; };
		36200F01272D4A2600304AC0 /* TravelLiteUITests.xctest */ = {isa = PBXFileReference; explicitFileType = wrapper.cfbundle; includeInIndex = 0; path = TravelLiteUITests.xctest; sourceTree = BUILT_PRODUCTS_DIR; };
		36200F05272D4A2600304AC0 /* TravelLiteUITests.swift */ = {isa = PBXFileReference; lastKnownFileType = sourcecode.swift; path = TravelLiteUITests.swift; sourceTree = "<group>"; };
		36200F07272D4A2600304AC0 /* Info.plist */ = {isa = PBXFileReference; lastKnownFileType = text.plist.xml; path = Info.plist; sourceTree = "<group>"; };
/* End PBXFileReference section */

/* Begin PBXFrameworksBuildPhase section */
		36200EDD272D4A2300304AC0 /* Frameworks */ = {
			isa = PBXFrameworksBuildPhase;
			buildActionMask = 2147483647;
			files = (
			);
			runOnlyForDeploymentPostprocessing = 0;
		};
		36200EF3272D4A2600304AC0 /* Frameworks */ = {
			isa = PBXFrameworksBuildPhase;
			buildActionMask = 2147483647;
			files = (
			);
			runOnlyForDeploymentPostprocessing = 0;
		};
		36200EFE272D4A2600304AC0 /* Frameworks */ = {
			isa = PBXFrameworksBuildPhase;
			buildActionMask = 2147483647;
			files = (
			);
			runOnlyForDeploymentPostprocessing = 0;
		};
/* End PBXFrameworksBuildPhase section */

/* Begin PBXGroup section */
		36200ED7272D4A2300304AC0 = {
			isa = PBXGroup;
			children = (
				36200EE2272D4A2300304AC0 /* TravelLite */,
				36200EF9272D4A2600304AC0 /* TravelLiteTests */,
				36200F04272D4A2600304AC0 /* TravelLiteUITests */,
				36200EE1272D4A2300304AC0 /* Products */,
			);
			sourceTree = "<group>";
		};
		36200EE1272D4A2300304AC0 /* Products */ = {
			isa = PBXGroup;
			children = (
				36200EE0272D4A2300304AC0 /* TravelLite.app */,
				36200EF6272D4A2600304AC0 /* TravelLiteTests.xctest */,
				36200F01272D4A2600304AC0 /* TravelLiteUITests.xctest */,
			);
			name = Products;
			sourceTree = "<group>";
		};
		36200EE2272D4A2300304AC0 /* TravelLite */ = {
			isa = PBXGroup;
			children = (
				36200EE3272D4A2300304AC0 /* AppDelegate.swift */,
				36200EE5272D4A2300304AC0 /* SceneDelegate.swift */,
				36200EE7272D4A2300304AC0 /* ViewController.swift */,
				36200EE9272D4A2300304AC0 /* Main.storyboard */,
				36200EEC272D4A2600304AC0 /* Assets.xcassets */,
				36200EEE272D4A2600304AC0 /* LaunchScreen.storyboard */,
				36200EF1272D4A2600304AC0 /* Info.plist */,
			);
			path = TravelLite;
			sourceTree = "<group>";
		};
		36200EF9272D4A2600304AC0 /* TravelLiteTests */ = {
			isa = PBXGroup;
			children = (
				36200EFA272D4A2600304AC0 /* TravelLiteTests.swift */,
				36200EFC272D4A2600304AC0 /* Info.plist */,
			);
			path = TravelLiteTests;
			sourceTree = "<group>";
		};
		36200F04272D4A2600304AC0 /* TravelLiteUITests */ = {
			isa = PBXGroup;
			children = (
				36200F05272D4A2600304AC0 /* TravelLiteUITests.swift */,
				36200F07272D4A2600304AC0 /* Info.plist */,
			);
			path = TravelLiteUITests;
			sourceTree = "<group>";
		};
/* End PBXGroup section */

/* Begin PBXNativeTarget section */
		36200EDF272D4A2300304AC0 /* TravelLite */ = {
			isa = PBXNativeTarget;
			buildConfigurationList = 36200F0A272D4A2600304AC0 /* Build configuration list for PBXNativeTarget "TravelLite" */;
			buildPhases = (
				36200EDC272D4A2300304AC0 /* Sources */,
				36200EDD272D4A2300304AC0 /* Frameworks */,
				36200EDE272D4A2300304AC0 /* Resources */,
			);
			buildRules = (
			);
			dependencies = (
			);
			name = TravelLite;
			productName = TravelLite;
			productReference = 36200EE0272D4A2300304AC0 /* TravelLite.app */;
			productType = "com.apple.product-type.application";
		};
		36200EF5272D4A2600304AC0 /* TravelLiteTests */ = {
			isa = PBXNativeTarget;
			buildConfigurationList = 36200F0D272D4A2600304AC0 /* Build configuration list for PBXNativeTarget "TravelLiteTests" */;
			buildPhases = (
				36200EF2272D4A2600304AC0 /* Sources */,
				36200EF3272D4A2600304AC0 /* Frameworks */,
				36200EF4272D4A2600304AC0 /* Resources */,
			);
			buildRules = (
			);
			dependencies = (
				36200EF8272D4A2600304AC0 /* PBXTargetDependency */,
			);
			name = TravelLiteTests;
			productName = TravelLiteTests;
			productReference = 36200EF6272D4A2600304AC0 /* TravelLiteTests.xctest */;
			productType = "com.apple.product-type.bundle.unit-test";
		};
		36200F00272D4A2600304AC0 /* TravelLiteUITests */ = {
			isa = PBXNativeTarget;
			buildConfigurationList = 36200F10272D4A2600304AC0 /* Build configuration list for PBXNativeTarget "TravelLiteUITests" */;
			buildPhases = (
				36200EFD272D4A2600304AC0 /* Sources */,
				36200EFE272D4A2600304AC0 /* Frameworks */,
				36200EFF272D4A2600304AC0 /* Resources */,
			);
			buildRules = (
			);
			dependencies = (
				36200F03272D4A2600304AC0 /* PBXTargetDependency */,
			);
			name = TravelLiteUITests;
			productName = TravelLiteUITests;
			productReference = 36200F01272D4A2600304AC0 /* TravelLiteUITests.xctest */;
			productType = "com.apple.product-type.bundle.ui-testing";
		};
/* End PBXNativeTarget section */

/* Begin PBXProject section */
		36200ED8272D4A2300304AC0 /* Project object */ = {
			isa = PBXProject;
			attributes = {
				LastSwiftUpdateCheck = 1250;
				LastUpgradeCheck = 1250;
				TargetAttributes = {
					36200EDF272D4A2300304AC0 = {
						CreatedOnToolsVersion = 12.5.1;
					};
					36200EF5272D4A2600304AC0 = {
						CreatedOnToolsVersion = 12.5.1;
						TestTargetID = 36200EDF272D4A2300304AC0;
					};
					36200F00272D4A2600304AC0 = {
						CreatedOnToolsVersion = 12.5.1;
						TestTargetID = 36200EDF272D4A2300304AC0;
					};
				};
			};
			buildConfigurationList = 36200EDB272D4A2300304AC0 /* Build configuration list for PBXProject "TravelLite" */;
			compatibilityVersion = "Xcode 9.3";
			developmentRegion = en;
			hasScannedForEncodings = 0;
			knownRegions = (
				en,
				Base,
			);
			mainGroup = 36200ED7272D4A2300304AC0;
			productRefGroup = 36200EE1272D4A2300304AC0 /* Products */;
			projectDirPath = "";
			projectRoot = "";
			targets = (
				36200EDF272D4A2300304AC0 /* TravelLite */,
				36200EF5272D4A2600304AC0 /* TravelLiteTests */,
				36200F00272D4A2600304AC0 /* TravelLiteUITests */,
			);
		};
/* End PBXProject section */

/* Begin PBXResourcesBuildPhase section */
		36200EDE272D4A2300304AC0 /* Resources */ = {
			isa = PBXResourcesBuildPhase;
			buildActionMask = 2147483647;
			files = (
				36200EF0272D4A2600304AC0 /* LaunchScreen.storyboard in Resources */,
				36200EED272D4A2600304AC0 /* Assets.xcassets in Resources */,
				36200EEB272D4A2300304AC0 /* Main.storyboard in Resources */,
			);
			runOnlyForDeploymentPostprocessing = 0;
		};
		36200EF4272D4A2600304AC0 /* Resources */ = {
			isa = PBXResourcesBuildPhase;
			buildActionMask = 2147483647;
			files = (
			);
			runOnlyForDeploymentPostprocessing = 0;
		};
		36200EFF272D4A2600304AC0 /* Resources */ = {
			isa = PBXResourcesBuildPhase;
			buildActionMask = 2147483647;
			files = (
			);
			runOnlyForDeploymentPostprocessing = 0;
		};
/* End PBXResourcesBuildPhase section */

/* Begin PBXSourcesBuildPhase section */
		36200EDC272D4A2300304AC0 /* Sources */ = {
			isa = PBXSourcesBuildPhase;
			buildActionMask = 2147483647;
			files = (
				36200EE8272D4A2300304AC0 /* ViewController.swift in Sources */,
				36200EE4272D4A2300304AC0 /* AppDelegate.swift in Sources */,
				36200EE6272D4A2300304AC0 /* SceneDelegate.swift in Sources */,
			);
			runOnlyForDeploymentPostprocessing = 0;
		};
		36200EF2272D4A2600304AC0 /* Sources */ = {
			isa = PBXSourcesBuildPhase;
			buildActionMask = 2147483647;
			files = (
				36200EFB272D4A2600304AC0 /* TravelLiteTests.swift in Sources */,
			);
			runOnlyForDeploymentPostprocessing = 0;
		};
		36200EFD272D4A2600304AC0 /* Sources */ = {
			isa = PBXSourcesBuildPhase;
			buildActionMask = 2147483647;
			files = (
				36200F06272D4A2600304AC0 /* TravelLiteUITests.swift in Sources */,
			);
			runOnlyForDeploymentPostprocessing = 0;
		};
/* End PBXSourcesBuildPhase section */

/* Begin PBXTargetDependency section */
		36200EF8272D4A2600304AC0 /* PBXTargetDependency */ = {
			isa = PBXTargetDependency;
			target = 36200EDF272D4A2300304AC0 /* TravelLite */;
			targetProxy = 36200EF7272D4A2600304AC0 /* PBXContainerItemProxy */;
		};
		36200F03272D4A2600304AC0 /* PBXTargetDependency */ = {
			isa = PBXTargetDependency;
			target = 36200EDF272D4A2300304AC0 /* TravelLite */;
			targetProxy = 36200F02272D4A2600304AC0 /* PBXContainerItemProxy */;
		};
/* End PBXTargetDependency section */

/* Begin PBXVariantGroup section */
		36200EE9272D4A2300304AC0 /* Main.storyboard */ = {
			isa = PBXVariantGroup;
			children = (
				36200EEA272D4A2300304AC0 /* Base */,
			);
			name = Main.storyboard;
			sourceTree = "<group>";
		};
		36200EEE272D4A2600304AC0 /* LaunchScreen.storyboard */ = {
			isa = PBXVariantGroup;
			children = (
				36200EEF272D4A2600304AC0 /* Base */,
			);
			name = LaunchScreen.storyboard;
			sourceTree = "<group>";
		};
/* End PBXVariantGroup section */

/* Begin XCBuildConfiguration section */
		36200F08272D4A2600304AC0 /* Debug */ = {
			isa = XCBuildConfiguration;
			buildSettings = {
				ALWAYS_SEARCH_USER_PATHS = NO;
				CLANG_ANALYZER_NONNULL = YES;
				CLANG_ANALYZER_NUMBER_OBJECT_CONVERSION = YES_AGGRESSIVE;
				CLANG_CXX_LANGUAGE_STANDARD = "gnu++14";
				CLANG_CXX_LIBRARY = "libc++";
				CLANG_ENABLE_MODULES = YES;
				CLANG_ENABLE_OBJC_ARC = YES;
				CLANG_ENABLE_OBJC_WEAK = YES;
				CLANG_WARN_BLOCK_CAPTURE_AUTORELEASING = YES;
				CLANG_WARN_BOOL_CONVERSION = YES;
				CLANG_WARN_COMMA = YES;
				CLANG_WARN_CONSTANT_CONVERSION = YES;
				CLANG_WARN_DEPRECATED_OBJC_IMPLEMENTATIONS = YES;
				CLANG_WARN_DIRECT_OBJC_ISA_USAGE = YES_ERROR;
				CLANG_WARN_DOCUMENTATION_COMMENTS = YES;
				CLANG_WARN_EMPTY_BODY = YES;
				CLANG_WARN_ENUM_CONVERSION = YES;
				CLANG_WARN_INFINITE_RECURSION = YES;
				CLANG_WARN_INT_CONVERSION = YES;
				CLANG_WARN_NON_LITERAL_NULL_CONVERSION = YES;
				CLANG_WARN_OBJC_IMPLICIT_RETAIN_SELF = YES;
				CLANG_WARN_OBJC_LITERAL_CONVERSION = YES;
				CLANG_WARN_OBJC_ROOT_CLASS = YES_ERROR;
				CLANG_WARN_QUOTED_INCLUDE_IN_FRAMEWORK_HEADER = YES;
				CLANG_WARN_RANGE_LOOP_ANALYSIS = YES;
				CLANG_WARN_STRICT_PROTOTYPES = YES;
				CLANG_WARN_SUSPICIOUS_MOVE = YES;
				CLANG_WARN_UNGUARDED_AVAILABILITY = YES_AGGRESSIVE;
				CLANG_WARN_UNREACHABLE_CODE = YES;
				CLANG_WARN__DUPLICATE_METHOD_MATCH = YES;
				COPY_PHASE_STRIP = NO;
				DEBUG_INFORMATION_FORMAT = dwarf;
				ENABLE_STRICT_OBJC_MSGSEND = YES;
				ENABLE_TESTABILITY = YES;
				GCC_C_LANGUAGE_STANDARD = gnu11;
				GCC_DYNAMIC_NO_PIC = NO;
				GCC_NO_COMMON_BLOCKS = YES;
				GCC_OPTIMIZATION_LEVEL = 0;
				GCC_PREPROCESSOR_DEFINITIONS = (
					"DEBUG=1",
					"$(inherited)",
				);
				GCC_WARN_64_TO_32_BIT_CONVERSION = YES;
				GCC_WARN_ABOUT_RETURN_TYPE = YES_ERROR;
				GCC_WARN_UNDECLARED_SELECTOR = YES;
				GCC_WARN_UNINITIALIZED_AUTOS = YES_AGGRESSIVE;
				GCC_WARN_UNUSED_FUNCTION = YES;
				GCC_WARN_UNUSED_VARIABLE = YES;
				IPHONEOS_DEPLOYMENT_TARGET = 14.5;
				MTL_ENABLE_DEBUG_INFO = INCLUDE_SOURCE;
				MTL_FAST_MATH = YES;
				ONLY_ACTIVE_ARCH = YES;
				SDKROOT = iphoneos;
				SWIFT_ACTIVE_COMPILATION_CONDITIONS = DEBUG;
				SWIFT_OPTIMIZATION_LEVEL = "-Onone";
			};
			name = Debug;
		};
		36200F09272D4A2600304AC0 /* Release */ = {
			isa = XCBuildConfiguration;
			buildSettings = {
				ALWAYS_SEARCH_USER_PATHS = NO;
				CLANG_ANALYZER_NONNULL = YES;
				CLANG_ANALYZER_NUMBER_OBJECT_CONVERSION = YES_AGGRESSIVE;
				CLANG_CXX_LANGUAGE_STANDARD = "gnu++14";
				CLANG_CXX_LIBRARY = "libc++";
				CLANG_ENABLE_MODULES = YES;
				CLANG_ENABLE_OBJC_ARC = YES;
				CLANG_ENABLE_OBJC_WEAK = YES;
				CLANG_WARN_BLOCK_CAPTURE_AUTORELEASING = YES;
				CLANG_WARN_BOOL_CONVERSION = YES;
				CLANG_WARN_COMMA = YES;
				CLANG_WARN_CONSTANT_CONVERSION = YES;
				CLANG_WARN_DEPRECATED_OBJC_IMPLEMENTATIONS = YES;
				CLANG_WARN_DIRECT_OBJC_ISA_USAGE = YES_ERROR;
				CLANG_WARN_DOCUMENTATION_COMMENTS = YES;
				CLANG_WARN_EMPTY_BODY = YES;
				CLANG_WARN_ENUM_CONVERSION = YES;
				CLANG_WARN_INFINITE_RECURSION = YES;
				CLANG_WARN_INT_CONVERSION = YES;
				CLANG_WARN_NON_LITERAL_NULL_CONVERSION = YES;
				CLANG_WARN_OBJC_IMPLICIT_RETAIN_SELF = YES;
				CLANG_WARN_OBJC_LITERAL_CONVERSION = YES;
				CLANG_WARN_OBJC_ROOT_CLASS = YES_ERROR;
				CLANG_WARN_QUOTED_INCLUDE_IN_FRAMEWORK_HEADER = YES;
				CLANG_WARN_RANGE_LOOP_ANALYSIS = YES;
				CLANG_WARN_STRICT_PROTOTYPES = YES;
				CLANG_WARN_SUSPICIOUS_MOVE = YES;
				CLANG_WARN_UNGUARDED_AVAILABILITY = YES_AGGRESSIVE;
				CLANG_WARN_UNREACHABLE_CODE = YES;
				CLANG_WARN__DUPLICATE_METHOD_MATCH = YES;
				COPY_PHASE_STRIP = NO;
				DEBUG_INFORMATION_FORMAT = "dwarf-with-dsym";
				ENABLE_NS_ASSERTIONS = NO;
				ENABLE_STRICT_OBJC_MSGSEND = YES;
				GCC_C_LANGUAGE_STANDARD = gnu11;
				GCC_NO_COMMON_BLOCKS = YES;
				GCC_WARN_64_TO_32_BIT_CONVERSION = YES;
				GCC_WARN_ABOUT_RETURN_TYPE = YES_ERROR;
				GCC_WARN_UNDECLARED_SELECTOR = YES;
				GCC_WARN_UNINITIALIZED_AUTOS = YES_AGGRESSIVE;
				GCC_WARN_UNUSED_FUNCTION = YES;
				GCC_WARN_UNUSED_VARIABLE = YES;
				IPHONEOS_DEPLOYMENT_TARGET = 14.5;
				MTL_ENABLE_DEBUG_INFO = NO;
				MTL_FAST_MATH = YES;
				SDKROOT = iphoneos;
				SWIFT_COMPILATION_MODE = wholemodule;
				SWIFT_OPTIMIZATION_LEVEL = "-O";
				VALIDATE_PRODUCT = YES;
			};
			name = Release;
		};
		36200F0B272D4A2600304AC0 /* Debug */ = {
			isa = XCBuildConfiguration;
			buildSettings = {
				ASSETCATALOG_COMPILER_APPICON_NAME = AppIcon;
				ASSETCATALOG_COMPILER_GLOBAL_ACCENT_COLOR_NAME = AccentColor;
				CODE_SIGN_STYLE = Automatic;
				INFOPLIST_FILE = TravelLite/Info.plist;
				LD_RUNPATH_SEARCH_PATHS = (
					"$(inherited)",
					"@executable_path/Frameworks",
				);
				PRODUCT_BUNDLE_IDENTIFIER = travel.TravelLite;
				PRODUCT_NAME = "$(TARGET_NAME)";
				SWIFT_VERSION = 5.0;
				TARGETED_DEVICE_FAMILY = "1,2";
			};
			name = Debug;
		};
		36200F0C272D4A2600304AC0 /* Release */ = {
			isa = XCBuildConfiguration;
			buildSettings = {
				ASSETCATALOG_COMPILER_APPICON_NAME = AppIcon;
				ASSETCATALOG_COMPILER_GLOBAL_ACCENT_COLOR_NAME = AccentColor;
				CODE_SIGN_STYLE = Automatic;
				INFOPLIST_FILE = TravelLite/Info.plist;
				LD_RUNPATH_SEARCH_PATHS = (
					"$(inherited)",
					"@executable_path/Frameworks",
				);
				PRODUCT_BUNDLE_IDENTIFIER = travel.TravelLite;
				PRODUCT_NAME = "$(TARGET_NAME)";
				SWIFT_VERSION = 5.0;
				TARGETED_DEVICE_FAMILY = "1,2";
			};
			name = Release;
		};
		36200F0E272D4A2600304AC0 /* Debug */ = {
			isa = XCBuildConfiguration;
			buildSettings = {
				ALWAYS_EMBED_SWIFT_STANDARD_LIBRARIES = YES;
				BUNDLE_LOADER = "$(TEST_HOST)";
				CODE_SIGN_STYLE = Automatic;
				INFOPLIST_FILE = TravelLiteTests/Info.plist;
				IPHONEOS_DEPLOYMENT_TARGET = 14.5;
				LD_RUNPATH_SEARCH_PATHS = (
					"$(inherited)",
					"@executable_path/Frameworks",
					"@loader_path/Frameworks",
				);
				PRODUCT_BUNDLE_IDENTIFIER = travel.TravelLiteTests;
				PRODUCT_NAME = "$(TARGET_NAME)";
				SWIFT_VERSION = 5.0;
				TARGETED_DEVICE_FAMILY = "1,2";
				TEST_HOST = "$(BUILT_PRODUCTS_DIR)/TravelLite.app/TravelLite";
			};
			name = Debug;
		};
		36200F0F272D4A2600304AC0 /* Release */ = {
			isa = XCBuildConfiguration;
			buildSettings = {
				ALWAYS_EMBED_SWIFT_STANDARD_LIBRARIES = YES;
				BUNDLE_LOADER = "$(TEST_HOST)";
				CODE_SIGN_STYLE = Automatic;
				INFOPLIST_FILE = TravelLiteTests/Info.plist;
				IPHONEOS_DEPLOYMENT_TARGET = 14.5;
				LD_RUNPATH_SEARCH_PATHS = (
					"$(inherited)",
					"@executable_path/Frameworks",
					"@loader_path/Frameworks",
				);
				PRODUCT_BUNDLE_IDENTIFIER = travel.TravelLiteTests;
				PRODUCT_NAME = "$(TARGET_NAME)";
				SWIFT_VERSION = 5.0;
				TARGETED_DEVICE_FAMILY = "1,2";
				TEST_HOST = "$(BUILT_PRODUCTS_DIR)/TravelLite.app/TravelLite";
			};
			name = Release;
		};
		36200F11272D4A2600304AC0 /* Debug */ = {
			isa = XCBuildConfiguration;
			buildSettings = {
				ALWAYS_EMBED_SWIFT_STANDARD_LIBRARIES = YES;
				CODE_SIGN_STYLE = Automatic;
				INFOPLIST_FILE = TravelLiteUITests/Info.plist;
				LD_RUNPATH_SEARCH_PATHS = (
					"$(inherited)",
					"@executable_path/Frameworks",
					"@loader_path/Frameworks",
				);
				PRODUCT_BUNDLE_IDENTIFIER = travel.TravelLiteUITests;
				PRODUCT_NAME = "$(TARGET_NAME)";
				SWIFT_VERSION = 5.0;
				TARGETED_DEVICE_FAMILY = "1,2";
				TEST_TARGET_NAME = TravelLite;
			};
			name = Debug;
		};
		36200F12272D4A2600304AC0 /* Release */ = {
			isa = XCBuildConfiguration;
			buildSettings = {
				ALWAYS_EMBED_SWIFT_STANDARD_LIBRARIES = YES;
				CODE_SIGN_STYLE = Automatic;
				INFOPLIST_FILE = TravelLiteUITests/Info.plist;
				LD_RUNPATH_SEARCH_PATHS = (
					"$(inherited)",
					"@executable_path/Frameworks",
					"@loader_path/Frameworks",
				);
				PRODUCT_BUNDLE_IDENTIFIER = travel.TravelLiteUITests;
				PRODUCT_NAME = "$(TARGET_NAME)";
				SWIFT_VERSION = 5.0;
				TARGETED_DEVICE_FAMILY = "1,2";
				TEST_TARGET_NAME = TravelLite;
			};
			name = Release;
		};
/* End XCBuildConfiguration section */

/* Begin XCConfigurationList section */
		36200EDB272D4A2300304AC0 /* Build configuration list for PBXProject "TravelLite" */ = {
			isa = XCConfigurationList;
			buildConfigurations = (
				36200F08272D4A2600304AC0 /* Debug */,
				36200F09272D4A2600304AC0 /* Release */,
			);
			defaultConfigurationIsVisible = 0;
			defaultConfigurationName = Release;
		};
		36200F0A272D4A2600304AC0 /* Build configuration list for PBXNativeTarget "TravelLite" */ = {
			isa = XCConfigurationList;
			buildConfigurations = (
				36200F0B272D4A2600304AC0 /* Debug */,
				36200F0C272D4A2600304AC0 /* Release */,
			);
			defaultConfigurationIsVisible = 0;
			defaultConfigurationName = Release;
		};
		36200F0D272D4A2600304AC0 /* Build configuration list for PBXNativeTarget "TravelLiteTests" */ = {
			isa = XCConfigurationList;
			buildConfigurations = (
				36200F0E272D4A2600304AC0 /* Debug */,
				36200F0F272D4A2600304AC0 /* Release */,
			);
			defaultConfigurationIsVisible = 0;
			defaultConfigurationName = Release;
		};
		36200F10272D4A2600304AC0 /* Build configuration list for PBXNativeTarget "TravelLiteUITests" */ = {
			isa = XCConfigurationList;
			buildConfigurations = (
				36200F11272D4A2600304AC0 /* Debug */,
				36200F12272D4A2600304AC0 /* Release */,
			);
			defaultConfigurationIsVisible = 0;
			defaultConfigurationName = Release;
		};
/* End XCConfigurationList section */
	};
	rootObject = 36200ED8272D4A2300304AC0 /* Project object */;
}
